
Microsoft Visual Studio Solution File, Format Version 12.00
# Visual Studio Version 17
VisualStudioVersion = 17.2.32408.312
MinimumVisualStudioVersion = 10.0.40219.1
Project("{FAE04EC0-301F-11D3-BF4B-00C04F79EFBC}") = "NewNoteBlock", "NewNoteBlock\NewNoteBlock.csproj", "{6E2077C8-AFBB-4187-A7D1-99F6405EBE7A}"
EndProject
Global
	GlobalSection(SolutionConfigurationPlatforms) = preSolution
		Debug|Any CPU = Debug|Any CPU
		Debug|Default = Debug|Default
		Release|Any CPU = Release|Any CPU
		Release|Default = Release|Default
	EndGlobalSection
	GlobalSection(ProjectConfigurationPlatforms) = postSolution
		{6E2077C8-AFBB-4187-A7D1-99F6405EBE7A}.Debug|Any CPU.ActiveCfg = Debug|Any CPU
		{6E2077C8-AFBB-4187-A7D1-99F6405EBE7A}.Debug|Any CPU.Build.0 = Debug|Any CPU
		{6E2077C8-AFBB-4187-A7D1-99F6405EBE7A}.Debug|Default.ActiveCfg = Debug|Any CPU
		{6E2077C8-AFBB-4187-A7D1-99F6405EBE7A}.Release|Any CPU.ActiveCfg = Release|Any CPU
		{6E2077C8-AFBB-4187-A7D1-99F6405EBE7A}.Release|Any CPU.Build.0 = Release|Any CPU
		{6E2077C8-AFBB-4187-A7D1-99F6405EBE7A}.Release|Default.ActiveCfg = Release|Any CPU
		{6E2077C8-AFBB-4187-A7D1-99F6405EBE7A}.Release|Default.Build.0 = Release|Any CPU
	EndGlobalSection
	GlobalSection(SolutionProperties) = preSolution
		HideSolutionNode = FALSE
	EndGlobalSection
	GlobalSection(ExtensibilityGlobals) = postSolution
		SolutionGuid = {7C9B83DE-D83D-4B26-A74F-26BC61B599E3}
	EndGlobalSection
	GlobalSection(SolutionConfigurationPlatforms) = preSolution
		Debug|Any CPU = Debug|Any CPU
		Debug|Default = Debug|Default
		Release|Any CPU = Release|Any CPU
		Release|Default = Release|Default
	EndGlobalSection
	GlobalSection(SolutionConfigurationPlatforms) = preSolution
		Debug|Any CPU = Debug|Any CPU
		Debug|Default = Debug|Default
		Release|Any CPU = Release|Any CPU
		Release|Default = Release|Default
	EndGlobalSection
EndGlobal
